
Microsoft Visual Studio Solution File, Format Version 12.00
# Visual Studio Version 17
VisualStudioVersion = 17.9.34728.123
MinimumVisualStudioVersion = 10.0.40219.1
Project("{FAE04EC0-301F-11D3-BF4B-00C04F79EFBC}") = "Encapsulation", "Encapsulation\Encapsulation.csproj", "{0982B7F5-44A3-44EB-9F18-BACDA37AA877}"
EndProject
Project("{FAE04EC0-301F-11D3-BF4B-00C04F79EFBC}") = "Models", "Models\Models.csproj", "{A956ACBE-07EC-48EC-823A-864E8A6BBF64}"
EndProject
Global
	GlobalSection(SolutionConfigurationPlatforms) = preSolution
		Debug|Any CPU = Debug|Any CPU
		Release|Any CPU = Release|Any CPU
	EndGlobalSection
	GlobalSection(ProjectConfigurationPlatforms) = postSolution
		{0982B7F5-44A3-44EB-9F18-BACDA37AA877}.Debug|Any CPU.ActiveCfg = Debug|Any CPU
		{0982B7F5-44A3-44EB-9F18-BACDA37AA877}.Debug|Any CPU.Build.0 = Debug|Any CPU
		{0982B7F5-44A3-44EB-9F18-BACDA37AA877}.Release|Any CPU.ActiveCfg = Release|Any CPU
		{0982B7F5-44A3-44EB-9F18-BACDA37AA877}.Release|Any CPU.Build.0 = Release|Any CPU
		{A956ACBE-07EC-48EC-823A-864E8A6BBF64}.Debug|Any CPU.ActiveCfg = Debug|Any CPU
		{A956ACBE-07EC-48EC-823A-864E8A6BBF64}.Debug|Any CPU.Build.0 = Debug|Any CPU
		{A956ACBE-07EC-48EC-823A-864E8A6BBF64}.Release|Any CPU.ActiveCfg = Release|Any CPU
		{A956ACBE-07EC-48EC-823A-864E8A6BBF64}.Release|Any CPU.Build.0 = Release|Any CPU
	EndGlobalSection
	GlobalSection(SolutionProperties) = preSolution
		HideSolutionNode = FALSE
	EndGlobalSection
	GlobalSection(ExtensibilityGlobals) = postSolution
		SolutionGuid = {2D2B7214-D484-4F0F-A7BD-9A22CFB35798}
	EndGlobalSection
EndGlobal
